
Microsoft Visual Studio Solution File, Format Version 12.00
# Visual Studio 15
VisualStudioVersion = 15.0.26124.0
MinimumVisualStudioVersion = 15.0.26124.0
Project("{FAE04EC0-301F-11D3-BF4B-00C04F79EFBC}") = "ProdutosGFT.Data", "ProdutosGFT.Data\ProdutosGFT.Data.csproj", "{61C14AB2-C582-4683-9495-80D590D3AA0B}"
EndProject
Project("{FAE04EC0-301F-11D3-BF4B-00C04F79EFBC}") = "ProdutosGFT.Domain", "ProdutosGFT.Domain\ProdutosGFT.Domain.csproj", "{262D1C69-16D0-49E1-8B44-9FC692605DEC}"
EndProject
Project("{FAE04EC0-301F-11D3-BF4B-00C04F79EFBC}") = "ProdutosGFT.Server", "ProdutosGFT.Server\ProdutosGFT.Server.csproj", "{1FB247FD-39C7-4571-B1D9-236E6BE862CA}"
EndProject
Global
	GlobalSection(SolutionConfigurationPlatforms) = preSolution
		Debug|Any CPU = Debug|Any CPU
		Debug|x64 = Debug|x64
		Debug|x86 = Debug|x86
		Release|Any CPU = Release|Any CPU
		Release|x64 = Release|x64
		Release|x86 = Release|x86
	EndGlobalSection
	GlobalSection(SolutionProperties) = preSolution
		HideSolutionNode = FALSE
	EndGlobalSection
	GlobalSection(ProjectConfigurationPlatforms) = postSolution
		{61C14AB2-C582-4683-9495-80D590D3AA0B}.Debug|Any CPU.ActiveCfg = Debug|Any CPU
		{61C14AB2-C582-4683-9495-80D590D3AA0B}.Debug|Any CPU.Build.0 = Debug|Any CPU
		{61C14AB2-C582-4683-9495-80D590D3AA0B}.Debug|x64.ActiveCfg = Debug|Any CPU
		{61C14AB2-C582-4683-9495-80D590D3AA0B}.Debug|x64.Build.0 = Debug|Any CPU
		{61C14AB2-C582-4683-9495-80D590D3AA0B}.Debug|x86.ActiveCfg = Debug|Any CPU
		{61C14AB2-C582-4683-9495-80D590D3AA0B}.Debug|x86.Build.0 = Debug|Any CPU
		{61C14AB2-C582-4683-9495-80D590D3AA0B}.Release|Any CPU.ActiveCfg = Release|Any CPU
		{61C14AB2-C582-4683-9495-80D590D3AA0B}.Release|Any CPU.Build.0 = Release|Any CPU
		{61C14AB2-C582-4683-9495-80D590D3AA0B}.Release|x64.ActiveCfg = Release|Any CPU
		{61C14AB2-C582-4683-9495-80D590D3AA0B}.Release|x64.Build.0 = Release|Any CPU
		{61C14AB2-C582-4683-9495-80D590D3AA0B}.Release|x86.ActiveCfg = Release|Any CPU
		{61C14AB2-C582-4683-9495-80D590D3AA0B}.Release|x86.Build.0 = Release|Any CPU
		{262D1C69-16D0-49E1-8B44-9FC692605DEC}.Debug|Any CPU.ActiveCfg = Debug|Any CPU
		{262D1C69-16D0-49E1-8B44-9FC692605DEC}.Debug|Any CPU.Build.0 = Debug|Any CPU
		{262D1C69-16D0-49E1-8B44-9FC692605DEC}.Debug|x64.ActiveCfg = Debug|Any CPU
		{262D1C69-16D0-49E1-8B44-9FC692605DEC}.Debug|x64.Build.0 = Debug|Any CPU
		{262D1C69-16D0-49E1-8B44-9FC692605DEC}.Debug|x86.ActiveCfg = Debug|Any CPU
		{262D1C69-16D0-49E1-8B44-9FC692605DEC}.Debug|x86.Build.0 = Debug|Any CPU
		{262D1C69-16D0-49E1-8B44-9FC692605DEC}.Release|Any CPU.ActiveCfg = Release|Any CPU
		{262D1C69-16D0-49E1-8B44-9FC692605DEC}.Release|Any CPU.Build.0 = Release|Any CPU
		{262D1C69-16D0-49E1-8B44-9FC692605DEC}.Release|x64.ActiveCfg = Release|Any CPU
		{262D1C69-16D0-49E1-8B44-9FC692605DEC}.Release|x64.Build.0 = Release|Any CPU
		{262D1C69-16D0-49E1-8B44-9FC692605DEC}.Release|x86.ActiveCfg = Release|Any CPU
		{262D1C69-16D0-49E1-8B44-9FC692605DEC}.Release|x86.Build.0 = Release|Any CPU
		{1FB247FD-39C7-4571-B1D9-236E6BE862CA}.Debug|Any CPU.ActiveCfg = Debug|Any CPU
		{1FB247FD-39C7-4571-B1D9-236E6BE862CA}.Debug|Any CPU.Build.0 = Debug|Any CPU
		{1FB247FD-39C7-4571-B1D9-236E6BE862CA}.Debug|x64.ActiveCfg = Debug|Any CPU
		{1FB247FD-39C7-4571-B1D9-236E6BE862CA}.Debug|x64.Build.0 = Debug|Any CPU
		{1FB247FD-39C7-4571-B1D9-236E6BE862CA}.Debug|x86.ActiveCfg = Debug|Any CPU
		{1FB247FD-39C7-4571-B1D9-236E6BE862CA}.Debug|x86.Build.0 = Debug|Any CPU
		{1FB247FD-39C7-4571-B1D9-236E6BE862CA}.Release|Any CPU.ActiveCfg = Release|Any CPU
		{1FB247FD-39C7-4571-B1D9-236E6BE862CA}.Release|Any CPU.Build.0 = Release|Any CPU
		{1FB247FD-39C7-4571-B1D9-236E6BE862CA}.Release|x64.ActiveCfg = Release|Any CPU
		{1FB247FD-39C7-4571-B1D9-236E6BE862CA}.Release|x64.Build.0 = Release|Any CPU
		{1FB247FD-39C7-4571-B1D9-236E6BE862CA}.Release|x86.ActiveCfg = Release|Any CPU
		{1FB247FD-39C7-4571-B1D9-236E6BE862CA}.Release|x86.Build.0 = Release|Any CPU
	EndGlobalSection
EndGlobal
